// !$*UTF8*$!
{
	archiveVersion = 1;
	classes = {
	};
	objectVersion = 48;
	objects = {

/* Begin PBXBuildFile section */
		1B3C5377206AA2DC003EF45D /* AppDelegate.swift in Sources */ = {isa = PBXBuildFile; fileRef = 1B3C5376206AA2DC003EF45D /* AppDelegate.swift */; };
		1B3C537A206AA2DC003EF45D /* MovieQuotes.xcdatamodeld in Sources */ = {isa = PBXBuildFile; fileRef = 1B3C5378206AA2DC003EF45D /* MovieQuotes.xcdatamodeld */; };
		1B3C5381206AA2DD003EF45D /* Main.storyboard in Resources */ = {isa = PBXBuildFile; fileRef = 1B3C537F206AA2DD003EF45D /* Main.storyboard */; };
		1B3C5383206AA2DD003EF45D /* Assets.xcassets in Resources */ = {isa = PBXBuildFile; fileRef = 1B3C5382206AA2DD003EF45D /* Assets.xcassets */; };
		1B3C5386206AA2DD003EF45D /* LaunchScreen.storyboard in Resources */ = {isa = PBXBuildFile; fileRef = 1B3C5384206AA2DD003EF45D /* LaunchScreen.storyboard */; };
		1BB5F6AF2073D10900AEDB62 /* MovieQuoteDetailViewController.swift in Sources */ = {isa = PBXBuildFile; fileRef = 1BB5F6AE2073D10900AEDB62 /* MovieQuoteDetailViewController.swift */; };
		1BCE89D4206D367600D8D22B /* MovieQuotesTableViewController.swift in Sources */ = {isa = PBXBuildFile; fileRef = 1BCE89D3206D367600D8D22B /* MovieQuotesTableViewController.swift */; };
		1BCE89D6206D394E00D8D22B /* MovieQuote.swift in Sources */ = {isa = PBXBuildFile; fileRef = 1BCE89D5206D394E00D8D22B /* MovieQuote.swift */; };
/* End PBXBuildFile section */

/* Begin PBXFileReference section */
		1B3C5373206AA2DC003EF45D /* MovieQuotes.app */ = {isa = PBXFileReference; explicitFileType = wrapper.application; includeInIndex = 0; path = MovieQuotes.app; sourceTree = BUILT_PRODUCTS_DIR; };
		1B3C5376206AA2DC003EF45D /* AppDelegate.swift */ = {isa = PBXFileReference; lastKnownFileType = sourcecode.swift; path = AppDelegate.swift; sourceTree = "<group>"; };
		1B3C5379206AA2DC003EF45D /* MovieQuotes.xcdatamodel */ = {isa = PBXFileReference; lastKnownFileType = wrapper.xcdatamodel; path = MovieQuotes.xcdatamodel; sourceTree = "<group>"; };
		1B3C5380206AA2DD003EF45D /* Base */ = {isa = PBXFileReference; lastKnownFileType = file.storyboard; name = Base; path = Base.lproj/Main.storyboard; sourceTree = "<group>"; };
		1B3C5382206AA2DD003EF45D /* Assets.xcassets */ = {isa = PBXFileReference; lastKnownFileType = folder.assetcatalog; path = Assets.xcassets; sourceTree = "<group>"; };
		1B3C5385206AA2DD003EF45D /* Base */ = {isa = PBXFileReference; lastKnownFileType = file.storyboard; name = Base; path = Base.lproj/LaunchScreen.storyboard; sourceTree = "<group>"; };
		1B3C5387206AA2DD003EF45D /* Info.plist */ = {isa = PBXFileReference; lastKnownFileType = text.plist.xml; path = Info.plist; sourceTree = "<group>"; };
		1BB5F6AE2073D10900AEDB62 /* MovieQuoteDetailViewController.swift */ = {isa = PBXFileReference; lastKnownFileType = sourcecode.swift; path = MovieQuoteDetailViewController.swift; sourceTree = "<group>"; };
		1BCE89D3206D367600D8D22B /* MovieQuotesTableViewController.swift */ = {isa = PBXFileReference; lastKnownFileType = sourcecode.swift; path = MovieQuotesTableViewController.swift; sourceTree = "<group>"; };
		1BCE89D5206D394E00D8D22B /* MovieQuote.swift */ = {isa = PBXFileReference; lastKnownFileType = sourcecode.swift; path = MovieQuote.swift; sourceTree = "<group>"; };
/* End PBXFileReference section */

/* Begin PBXFrameworksBuildPhase section */
		1B3C5370206AA2DC003EF45D /* Frameworks */ = {
			isa = PBXFrameworksBuildPhase;
			buildActionMask = 2147483647;
			files = (
			);
			runOnlyForDeploymentPostprocessing = 0;
		};
/* End PBXFrameworksBuildPhase section */

/* Begin PBXGroup section */
		1B3C536A206AA2DC003EF45D = {
			isa = PBXGroup;
			children = (
				1B3C5375206AA2DC003EF45D /* MovieQuotes */,
				1B3C5374206AA2DC003EF45D /* Products */,
			);
			sourceTree = "<group>";
		};
		1B3C5374206AA2DC003EF45D /* Products */ = {
			isa = PBXGroup;
			children = (
				1B3C5373206AA2DC003EF45D /* MovieQuotes.app */,
			);
			name = Products;
			sourceTree = "<group>";
		};
		1B3C5375206AA2DC003EF45D /* MovieQuotes */ = {
			isa = PBXGroup;
			children = (
				1B3C5376206AA2DC003EF45D /* AppDelegate.swift */,
				1B3C537F206AA2DD003EF45D /* Main.storyboard */,
				1B3C5382206AA2DD003EF45D /* Assets.xcassets */,
				1B3C5384206AA2DD003EF45D /* LaunchScreen.storyboard */,
				1B3C5387206AA2DD003EF45D /* Info.plist */,
				1B3C5378206AA2DC003EF45D /* MovieQuotes.xcdatamodeld */,
				1BCE89D3206D367600D8D22B /* MovieQuotesTableViewController.swift */,
				1BCE89D5206D394E00D8D22B /* MovieQuote.swift */,
				1BB5F6AE2073D10900AEDB62 /* MovieQuoteDetailViewController.swift */,
			);
			path = MovieQuotes;
			sourceTree = "<group>";
		};
/* End PBXGroup section */

/* Begin PBXNativeTarget section */
		1B3C5372206AA2DC003EF45D /* MovieQuotes */ = {
			isa = PBXNativeTarget;
			buildConfigurationList = 1B3C538A206AA2DD003EF45D /* Build configuration list for PBXNativeTarget "MovieQuotes" */;
			buildPhases = (
				1B3C536F206AA2DC003EF45D /* Sources */,
				1B3C5370206AA2DC003EF45D /* Frameworks */,
				1B3C5371206AA2DC003EF45D /* Resources */,
			);
			buildRules = (
			);
			dependencies = (
			);
			name = MovieQuotes;
			productName = MovieQuotes;
			productReference = 1B3C5373206AA2DC003EF45D /* MovieQuotes.app */;
			productType = "com.apple.product-type.application";
		};
/* End PBXNativeTarget section */

/* Begin PBXProject section */
		1B3C536B206AA2DC003EF45D /* Project object */ = {
			isa = PBXProject;
			attributes = {
				LastSwiftUpdateCheck = 0920;
				LastUpgradeCheck = 0920;
				ORGANIZATIONNAME = FengYizhi;
				TargetAttributes = {
					1B3C5372206AA2DC003EF45D = {
						CreatedOnToolsVersion = 9.2;
						ProvisioningStyle = Automatic;
					};
				};
			};
			buildConfigurationList = 1B3C536E206AA2DC003EF45D /* Build configuration list for PBXProject "MovieQuotes" */;
			compatibilityVersion = "Xcode 8.0";
			developmentRegion = en;
			hasScannedForEncodings = 0;
			knownRegions = (
				en,
				Base,
			);
			mainGroup = 1B3C536A206AA2DC003EF45D;
			productRefGroup = 1B3C5374206AA2DC003EF45D /* Products */;
			projectDirPath = "";
			projectRoot = "";
			targets = (
				1B3C5372206AA2DC003EF45D /* MovieQuotes */,
			);
		};
/* End PBXProject section */

/* Begin PBXResourcesBuildPhase section */
		1B3C5371206AA2DC003EF45D /* Resources */ = {
			isa = PBXResourcesBuildPhase;
			buildActionMask = 2147483647;
			files = (
				1B3C5386206AA2DD003EF45D /* LaunchScreen.storyboard in Resources */,
				1B3C5383206AA2DD003EF45D /* Assets.xcassets in Resources */,
				1B3C5381206AA2DD003EF45D /* Main.storyboard in Resources */,
			);
			runOnlyForDeploymentPostprocessing = 0;
		};
/* End PBXResourcesBuildPhase section */

/* Begin PBXSourcesBuildPhase section */
		1B3C536F206AA2DC003EF45D /* Sources */ = {
			isa = PBXSourcesBuildPhase;
			buildActionMask = 2147483647;
			files = (
				1B3C5377206AA2DC003EF45D /* AppDelegate.swift in Sources */,
				1BB5F6AF2073D10900AEDB62 /* MovieQuoteDetailViewController.swift in Sources */,
				1BCE89D6206D394E00D8D22B /* MovieQuote.swift in Sources */,
				1BCE89D4206D367600D8D22B /* MovieQuotesTableViewController.swift in Sources */,
				1B3C537A206AA2DC003EF45D /* MovieQuotes.xcdatamodeld in Sources */,
			);
			runOnlyForDeploymentPostprocessing = 0;
		};
/* End PBXSourcesBuildPhase section */

/* Begin PBXVariantGroup section */
		1B3C537F206AA2DD003EF45D /* Main.storyboard */ = {
			isa = PBXVariantGroup;
			children = (
				1B3C5380206AA2DD003EF45D /* Base */,
			);
			name = Main.storyboard;
			sourceTree = "<group>";
		};
		1B3C5384206AA2DD003EF45D /* LaunchScreen.storyboard */ = {
			isa = PBXVariantGroup;
			children = (
				1B3C5385206AA2DD003EF45D /* Base */,
			);
			name = LaunchScreen.storyboard;
			sourceTree = "<group>";
		};
/* End PBXVariantGroup section */

/* Begin XCBuildConfiguration section */
		1B3C5388206AA2DD003EF45D /* Debug */ = {
			isa = XCBuildConfiguration;
			buildSettings = {
				ALWAYS_SEARCH_USER_PATHS = NO;
				CLANG_ANALYZER_NONNULL = YES;
				CLANG_ANALYZER_NUMBER_OBJECT_CONVERSION = YES_AGGRESSIVE;
				CLANG_CXX_LANGUAGE_STANDARD = "gnu++14";
				CLANG_CXX_LIBRARY = "libc++";
				CLANG_ENABLE_MODULES = YES;
				CLANG_ENABLE_OBJC_ARC = YES;
				CLANG_WARN_BLOCK_CAPTURE_AUTORELEASING = YES;
				CLANG_WARN_BOOL_CONVERSION = YES;
				CLANG_WARN_COMMA = YES;
				CLANG_WARN_CONSTANT_CONVERSION = YES;
				CLANG_WARN_DIRECT_OBJC_ISA_USAGE = YES_ERROR;
				CLANG_WARN_DOCUMENTATION_COMMENTS = YES;
				CLANG_WARN_EMPTY_BODY = YES;
				CLANG_WARN_ENUM_CONVERSION = YES;
				CLANG_WARN_INFINITE_RECURSION = YES;
				CLANG_WARN_INT_CONVERSION = YES;
				CLANG_WARN_NON_LITERAL_NULL_CONVERSION = YES;
				CLANG_WARN_OBJC_LITERAL_CONVERSION = YES;
				CLANG_WARN_OBJC_ROOT_CLASS = YES_ERROR;
				CLANG_WARN_RANGE_LOOP_ANALYSIS = YES;
				CLANG_WARN_STRICT_PROTOTYPES = YES;
				CLANG_WARN_SUSPICIOUS_MOVE = YES;
				CLANG_WARN_UNGUARDED_AVAILABILITY = YES_AGGRESSIVE;
				CLANG_WARN_UNREACHABLE_CODE = YES;
				CLANG_WARN__DUPLICATE_METHOD_MATCH = YES;
				CODE_SIGN_IDENTITY = "iPhone Developer";
				COPY_PHASE_STRIP = NO;
				DEBUG_INFORMATION_FORMAT = dwarf;
				ENABLE_STRICT_OBJC_MSGSEND = YES;
				ENABLE_TESTABILITY = YES;
				GCC_C_LANGUAGE_STANDARD = gnu11;
				GCC_DYNAMIC_NO_PIC = NO;
				GCC_NO_COMMON_BLOCKS = YES;
				GCC_OPTIMIZATION_LEVEL = 0;
				GCC_PREPROCESSOR_DEFINITIONS = (
					"DEBUG=1",
					"$(inherited)",
				);
				GCC_WARN_64_TO_32_BIT_CONVERSION = YES;
				GCC_WARN_ABOUT_RETURN_TYPE = YES_ERROR;
				GCC_WARN_UNDECLARED_SELECTOR = YES;
				GCC_WARN_UNINITIALIZED_AUTOS = YES_AGGRESSIVE;
				GCC_WARN_UNUSED_FUNCTION = YES;
				GCC_WARN_UNUSED_VARIABLE = YES;
				IPHONEOS_DEPLOYMENT_TARGET = 11.2;
				MTL_ENABLE_DEBUG_INFO = YES;
				ONLY_ACTIVE_ARCH = YES;
				SDKROOT = iphoneos;
				SWIFT_ACTIVE_COMPILATION_CONDITIONS = DEBUG;
				SWIFT_OPTIMIZATION_LEVEL = "-Onone";
			};
			name = Debug;
		};
		1B3C5389206AA2DD003EF45D /* Release */ = {
			isa = XCBuildConfiguration;
			buildSettings = {
				ALWAYS_SEARCH_USER_PATHS = NO;
				CLANG_ANALYZER_NONNULL = YES;
				CLANG_ANALYZER_NUMBER_OBJECT_CONVERSION = YES_AGGRESSIVE;
				CLANG_CXX_LANGUAGE_STANDARD = "gnu++14";
				CLANG_CXX_LIBRARY = "libc++";
				CLANG_ENABLE_MODULES = YES;
				CLANG_ENABLE_OBJC_ARC = YES;
				CLANG_WARN_BLOCK_CAPTURE_AUTORELEASING = YES;
				CLANG_WARN_BOOL_CONVERSION = YES;
				CLANG_WARN_COMMA = YES;
				CLANG_WARN_CONSTANT_CONVERSION = YES;
				CLANG_WARN_DIRECT_OBJC_ISA_USAGE = YES_ERROR;
				CLANG_WARN_DOCUMENTATION_COMMENTS = YES;
				CLANG_WARN_EMPTY_BODY = YES;
				CLANG_WARN_ENUM_CONVERSION = YES;
				CLANG_WARN_INFINITE_RECURSION = YES;
				CLANG_WARN_INT_CONVERSION = YES;
				CLANG_WARN_NON_LITERAL_NULL_CONVERSION = YES;
				CLANG_WARN_OBJC_LITERAL_CONVERSION = YES;
				CLANG_WARN_OBJC_ROOT_CLASS = YES_ERROR;
				CLANG_WARN_RANGE_LOOP_ANALYSIS = YES;
				CLANG_WARN_STRICT_PROTOTYPES = YES;
				CLANG_WARN_SUSPICIOUS_MOVE = YES;
				CLANG_WARN_UNGUARDED_AVAILABILITY = YES_AGGRESSIVE;
				CLANG_WARN_UNREACHABLE_CODE = YES;
				CLANG_WARN__DUPLICATE_METHOD_MATCH = YES;
				CODE_SIGN_IDENTITY = "iPhone Developer";
				COPY_PHASE_STRIP = NO;
				DEBUG_INFORMATION_FORMAT = "dwarf-with-dsym";
				ENABLE_NS_ASSERTIONS = NO;
				ENABLE_STRICT_OBJC_MSGSEND = YES;
				GCC_C_LANGUAGE_STANDARD = gnu11;
				GCC_NO_COMMON_BLOCKS = YES;
				GCC_WARN_64_TO_32_BIT_CONVERSION = YES;
				GCC_WARN_ABOUT_RETURN_TYPE = YES_ERROR;
				GCC_WARN_UNDECLARED_SELECTOR = YES;
				GCC_WARN_UNINITIALIZED_AUTOS = YES_AGGRESSIVE;
				GCC_WARN_UNUSED_FUNCTION = YES;
				GCC_WARN_UNUSED_VARIABLE = YES;
				IPHONEOS_DEPLOYMENT_TARGET = 11.2;
				MTL_ENABLE_DEBUG_INFO = NO;
				SDKROOT = iphoneos;
				SWIFT_OPTIMIZATION_LEVEL = "-Owholemodule";
				VALIDATE_PRODUCT = YES;
			};
			name = Release;
		};
		1B3C538B206AA2DD003EF45D /* Debug */ = {
			isa = XCBuildConfiguration;
			buildSettings = {
				ASSETCATALOG_COMPILER_APPICON_NAME = AppIcon;
				CODE_SIGN_STYLE = Automatic;
				DEVELOPMENT_TEAM = 784G6DP2V5;
				INFOPLIST_FILE = MovieQuotes/Info.plist;
				LD_RUNPATH_SEARCH_PATHS = "$(inherited) @executable_path/Frameworks";
				PRODUCT_BUNDLE_IDENTIFIER = edu.rosehulman.fengy2.MovieQuotes;
				PRODUCT_NAME = "$(TARGET_NAME)";
				SWIFT_VERSION = 4.0;
				TARGETED_DEVICE_FAMILY = 1;
			};
			name = Debug;
		};
		1B3C538C206AA2DD003EF45D /* Release */ = {
			isa = XCBuildConfiguration;
			buildSettings = {
				ASSETCATALOG_COMPILER_APPICON_NAME = AppIcon;
				CODE_SIGN_STYLE = Automatic;
				DEVELOPMENT_TEAM = 784G6DP2V5;
				INFOPLIST_FILE = MovieQuotes/Info.plist;
				LD_RUNPATH_SEARCH_PATHS = "$(inherited) @executable_path/Frameworks";
				PRODUCT_BUNDLE_IDENTIFIER = edu.rosehulman.fengy2.MovieQuotes;
				PRODUCT_NAME = "$(TARGET_NAME)";
				SWIFT_VERSION = 4.0;
				TARGETED_DEVICE_FAMILY = 1;
			};
			name = Release;
		};
/* End XCBuildConfiguration section */

/* Begin XCConfigurationList section */
		1B3C536E206AA2DC003EF45D /* Build configuration list for PBXProject "MovieQuotes" */ = {
			isa = XCConfigurationList;
			buildConfigurations = (
				1B3C5388206AA2DD003EF45D /* Debug */,
				1B3C5389206AA2DD003EF45D /* Release */,
			);
			defaultConfigurationIsVisible = 0;
			defaultConfigurationName = Release;
		};
		1B3C538A206AA2DD003EF45D /* Build configuration list for PBXNativeTarget "MovieQuotes" */ = {
			isa = XCConfigurationList;
			buildConfigurations = (
				1B3C538B206AA2DD003EF45D /* Debug */,
				1B3C538C206AA2DD003EF45D /* Release */,
			);
			defaultConfigurationIsVisible = 0;
			defaultConfigurationName = Release;
		};
/* End XCConfigurationList section */

/* Begin XCVersionGroup section */
		1B3C5378206AA2DC003EF45D /* MovieQuotes.xcdatamodeld */ = {
			isa = XCVersionGroup;
			children = (
				1B3C5379206AA2DC003EF45D /* MovieQuotes.xcdatamodel */,
			);
			currentVersion = 1B3C5379206AA2DC003EF45D /* MovieQuotes.xcdatamodel */;
			path = MovieQuotes.xcdatamodeld;
			sourceTree = "<group>";
			versionGroupType = wrapper.xcdatamodel;
		};
/* End XCVersionGroup section */
	};
	rootObject = 1B3C536B206AA2DC003EF45D /* Project object */;
}
